
Microsoft Visual Studio Solution File, Format Version 12.00
# Visual Studio Version 16
VisualStudioVersion = 16.0.32106.194
MinimumVisualStudioVersion = 10.0.40219.1
Project("{FAE04EC0-301F-11D3-BF4B-00C04F79EFBC}") = "IskurATM", "IskurATM\IskurATM.csproj", "{D8E0188C-DD17-40C6-BF73-D122BB594360}"
EndProject
Global
	GlobalSection(SolutionConfigurationPlatforms) = preSolution
		Debug|Any CPU = Debug|Any CPU
		Release|Any CPU = Release|Any CPU
	EndGlobalSection
	GlobalSection(ProjectConfigurationPlatforms) = postSolution
		{D8E0188C-DD17-40C6-BF73-D122BB594360}.Debug|Any CPU.ActiveCfg = Debug|Any CPU
		{D8E0188C-DD17-40C6-BF73-D122BB594360}.Debug|Any CPU.Build.0 = Debug|Any CPU
		{D8E0188C-DD17-40C6-BF73-D122BB594360}.Release|Any CPU.ActiveCfg = Release|Any CPU
		{D8E0188C-DD17-40C6-BF73-D122BB594360}.Release|Any CPU.Build.0 = Release|Any CPU
	EndGlobalSection
	GlobalSection(SolutionProperties) = preSolution
		HideSolutionNode = FALSE
	EndGlobalSection
	GlobalSection(ExtensibilityGlobals) = postSolution
		SolutionGuid = {644BB6BC-88EA-429E-A57F-87E64215BB9C}
	EndGlobalSection
EndGlobal
